
Microsoft Visual Studio Solution File, Format Version 12.00
# Visual Studio Version 17
VisualStudioVersion = 17.0.31912.275
MinimumVisualStudioVersion = 10.0.40219.1
Project("{FAE04EC0-301F-11D3-BF4B-00C04F79EFBC}") = "Bonheur.HttpRecorder", "src\Bonheur.HttpRecorder\Bonheur.HttpRecorder.csproj", "{A48DEE3C-8B29-4E98-A6B2-2D5ADC8C7F92}"
EndProject
Project("{2150E333-8FDC-42A3-9474-1A3956D46DE8}") = "src", "src", "{0DA74647-D168-48FF-9253-0874038EC182}"
EndProject
Global
	GlobalSection(SolutionConfigurationPlatforms) = preSolution
		Debug|Any CPU = Debug|Any CPU
		Release|Any CPU = Release|Any CPU
	EndGlobalSection
	GlobalSection(ProjectConfigurationPlatforms) = postSolution
		{A48DEE3C-8B29-4E98-A6B2-2D5ADC8C7F92}.Debug|Any CPU.ActiveCfg = Debug|Any CPU
		{A48DEE3C-8B29-4E98-A6B2-2D5ADC8C7F92}.Debug|Any CPU.Build.0 = Debug|Any CPU
		{A48DEE3C-8B29-4E98-A6B2-2D5ADC8C7F92}.Release|Any CPU.ActiveCfg = Release|Any CPU
		{A48DEE3C-8B29-4E98-A6B2-2D5ADC8C7F92}.Release|Any CPU.Build.0 = Release|Any CPU
	EndGlobalSection
	GlobalSection(SolutionProperties) = preSolution
		HideSolutionNode = FALSE
	EndGlobalSection
	GlobalSection(NestedProjects) = preSolution
		{A48DEE3C-8B29-4E98-A6B2-2D5ADC8C7F92} = {0DA74647-D168-48FF-9253-0874038EC182}
	EndGlobalSection
	GlobalSection(ExtensibilityGlobals) = postSolution
		SolutionGuid = {9CEAFE2E-83D4-4CF5-B294-1573FD8CEC1F}
	EndGlobalSection
EndGlobal
